PODS:
  - boost-for-react-native (1.63.0)
  - CocoaAsyncSocket (7.6.5)
  - DoubleConversion (1.1.6)
  - FBLazyVector (0.65.0)
  - FBReactNativeSpec (0.65.0):
    - RCT-Folly (= 2021.04.26.00)
    - RCTRequired (= 0.65.0)
    - RCTTypeSafety (= 0.65.0)
    - React-Core (= 0.65.0)
    - React-jsi (= 0.65.0)
    - ReactCommon/turbomodule/core (= 0.65.0)
  - Flipper (0.87.0):
    - Flipper-Folly (~> 2.5)
    - Flipper-RSocket (~> 1.3)
  - Flipper-Boost-iOSX (1.76.0.1.11)
  - Flipper-DoubleConversion (3.1.7)
  - Flipper-Fmt (7.1.7)
  - Flipper-Folly (2.5.3):
    - boost-for-react-native
    - Flipper-DoubleConversion
    - Flipper-Glog
    - libevent (~> 2.1.12)
    - OpenSSL-Universal (= 1.1.180)
  - Flipper-Glog (0.3.6)
  - Flipper-PeerTalk (0.0.4)
  - Flipper-RSocket (1.3.1):
    - Flipper-Folly (~> 2.5)
  - FlipperKit (0.87.0):
    - FlipperKit/Core (= 0.87.0)
  - FlipperKit/Core (0.87.0):
    - Flipper (~> 0.87.0)
    - FlipperKit/CppBridge
    - FlipperKit/FBCxxFollyDynamicConvert
    - FlipperKit/FBDefines
    - FlipperKit/FKPortForwarding
  - FlipperKit/CppBridge (0.87.0):
    - Flipper (~> 0.87.0)
  - FlipperKit/FBCxxFollyDynamicConvert (0.87.0):
    - Flipper-Folly (~> 2.5)
  - FlipperKit/FBDefines (0.87.0)
  - FlipperKit/FKPortForwarding (0.87.0):
    - CocoaAsyncSocket (~> 7.6)
    - Flipper-PeerTalk (~> 0.0.4)
  - FlipperKit/FlipperKitHighlightOverlay (0.87.0)
  - FlipperKit/FlipperKitLayoutHelpers (0.87.0):
    - FlipperKit/Core
    - FlipperKit/FlipperKitHighlightOverlay
    - FlipperKit/FlipperKitLayoutTextSearchable
  - FlipperKit/FlipperKitLayoutIOSDescriptors (0.87.0):
    - FlipperKit/Core
    - FlipperKit/FlipperKitHighlightOverlay
    - FlipperKit/FlipperKitLayoutHelpers
    - YogaKit (~> 1.18)
  - FlipperKit/FlipperKitLayoutPlugin (0.87.0):
    - FlipperKit/Core
    - FlipperKit/FlipperKitHighlightOverlay
    - FlipperKit/FlipperKitLayoutHelpers
    - FlipperKit/FlipperKitLayoutIOSDescriptors
    - FlipperKit/FlipperKitLayoutTextSearchable
    - YogaKit (~> 1.18)
  - FlipperKit/FlipperKitLayoutTextSearchable (0.87.0)
  - FlipperKit/FlipperKitNetworkPlugin (0.87.0):
    - FlipperKit/Core
  - FlipperKit/FlipperKitReactPlugin (0.87.0):
    - FlipperKit/Core
  - FlipperKit/FlipperKitUserDefaultsPlugin (0.87.0):
    - FlipperKit/Core
  - FlipperKit/SKIOSNetworkPlugin (0.87.0):
    - FlipperKit/Core
    - FlipperKit/FlipperKitNetworkPlugin
  - fmt (6.2.1)
  - glog (0.3.5)
  - libevent (2.1.12)
  - OpenSSL-Universal (1.1.180)
  - RCT-Folly (2021.04.26.00):
    - boost-for-react-native
    - DoubleConversion
    - fmt (~> 6.2.1)
    - glog
    - RCT-Folly/Default (= 2021.04.26.00)
  - RCT-Folly/Default (2021.04.26.00):
    - boost-for-react-native
    - DoubleConversion
    - fmt (~> 6.2.1)
    - glog
  - RCTRequired (0.65.0)
  - RCTTypeSafety (0.65.0):
    - FBLazyVector (= 0.65.0)
    - RCT-Folly (= 2021.04.26.00)
    - RCTRequired (= 0.65.0)
    - React-Core (= 0.65.0)
  - React (0.65.0):
    - React-Core (= 0.65.0)
    - React-Core/DevSupport (= 0.65.0)
    - React-Core/RCTWebSocket (= 0.65.0)
    - React-RCTActionSheet (= 0.65.0)
    - React-RCTAnimation (= 0.65.0)
    - React-RCTBlob (= 0.65.0)
    - React-RCTImage (= 0.65.0)
    - React-RCTLinking (= 0.65.0)
    - React-RCTNetwork (= 0.65.0)
    - React-RCTSettings (= 0.65.0)
    - React-RCTText (= 0.65.0)
    - React-RCTVibration (= 0.65.0)
  - React-callinvoker (0.65.0)
  - React-Core (0.65.0):
    - glog
    - RCT-Folly (= 2021.04.26.00)
    - React-Core/Default (= 0.65.0)
    - React-cxxreact (= 0.65.0)
    - React-jsi (= 0.65.0)
    - React-jsiexecutor (= 0.65.0)
    - React-perflogger (= 0.65.0)
    - Yoga
  - React-Core/CoreModulesHeaders (0.65.0):
    - glog
    - RCT-Folly (= 2021.04.26.00)
    - React-Core/Default
    - React-cxxreact (= 0.65.0)
    - React-jsi (= 0.65.0)
    - React-jsiexecutor (= 0.65.0)
    - React-perflogger (= 0.65.0)
    - Yoga
  - React-Core/Default (0.65.0):
    - glog
    - RCT-Folly (= 2021.04.26.00)
    - React-cxxreact (= 0.65.0)
    - React-jsi (= 0.65.0)
    - React-jsiexecutor (= 0.65.0)
    - React-perflogger (= 0.65.0)
    - Yoga
  - React-Core/DevSupport (0.65.0):
    - glog
    - RCT-Folly (= 2021.04.26.00)
    - React-Core/Default (= 0.65.0)
    - React-Core/RCTWebSocket (= 0.65.0)
    - React-cxxreact (= 0.65.0)
    - React-jsi (= 0.65.0)
    - React-jsiexecutor (= 0.65.0)
    - React-jsinspector (= 0.65.0)
    - React-perflogger (= 0.65.0)
    - Yoga
  - React-Core/RCTActionSheetHeaders (0.65.0):
    - glog
    - RCT-Folly (= 2021.04.26.00)
    - React-Core/Default
    - React-cxxreact (= 0.65.0)
    - React-jsi (= 0.65.0)
    - React-jsiexecutor (= 0.65.0)
    - React-perflogger (= 0.65.0)
    - Yoga
  - React-Core/RCTAnimationHeaders (0.65.0):
    - glog
    - RCT-Folly (= 2021.04.26.00)
    - React-Core/Default
    - React-cxxreact (= 0.65.0)
    - React-jsi (= 0.65.0)
    - React-jsiexecutor (= 0.65.0)
    - React-perflogger (= 0.65.0)
    - Yoga
  - React-Core/RCTBlobHeaders (0.65.0):
    - glog
    - RCT-Folly (= 2021.04.26.00)
    - React-Core/Default
    - React-cxxreact (= 0.65.0)
    - React-jsi (= 0.65.0)
    - React-jsiexecutor (= 0.65.0)
    - React-perflogger (= 0.65.0)
    - Yoga
  - React-Core/RCTImageHeaders (0.65.0):
    - glog
    - RCT-Folly (= 2021.04.26.00)
    - React-Core/Default
    - React-cxxreact (= 0.65.0)
    - React-jsi (= 0.65.0)
    - React-jsiexecutor (= 0.65.0)
    - React-perflogger (= 0.65.0)
    - Yoga
  - React-Core/RCTLinkingHeaders (0.65.0):
    - glog
    - RCT-Folly (= 2021.04.26.00)
    - React-Core/Default
    - React-cxxreact (= 0.65.0)
    - React-jsi (= 0.65.0)
    - React-jsiexecutor (= 0.65.0)
    - React-perflogger (= 0.65.0)
    - Yoga
  - React-Core/RCTNetworkHeaders (0.65.0):
    - glog
    - RCT-Folly (= 2021.04.26.00)
    - React-Core/Default
    - React-cxxreact (= 0.65.0)
    - React-jsi (= 0.65.0)
    - React-jsiexecutor (= 0.65.0)
    - React-perflogger (= 0.65.0)
    - Yoga
  - React-Core/RCTSettingsHeaders (0.65.0):
    - glog
    - RCT-Folly (= 2021.04.26.00)
    - React-Core/Default
    - React-cxxreact (= 0.65.0)
    - React-jsi (= 0.65.0)
    - React-jsiexecutor (= 0.65.0)
    - React-perflogger (= 0.65.0)
    - Yoga
  - React-Core/RCTTextHeaders (0.65.0):
    - glog
    - RCT-Folly (= 2021.04.26.00)
    - React-Core/Default
    - React-cxxreact (= 0.65.0)
    - React-jsi (= 0.65.0)
    - React-jsiexecutor (= 0.65.0)
    - React-perflogger (= 0.65.0)
    - Yoga
  - React-Core/RCTVibrationHeaders (0.65.0):
    - glog
    - RCT-Folly (= 2021.04.26.00)
    - React-Core/Default
    - React-cxxreact (= 0.65.0)
    - React-jsi (= 0.65.0)
    - React-jsiexecutor (= 0.65.0)
    - React-perflogger (= 0.65.0)
    - Yoga
  - React-Core/RCTWebSocket (0.65.0):
    - glog
    - RCT-Folly (= 2021.04.26.00)
    - React-Core/Default (= 0.65.0)
    - React-cxxreact (= 0.65.0)
    - React-jsi (= 0.65.0)
    - React-jsiexecutor (= 0.65.0)
    - React-perflogger (= 0.65.0)
    - Yoga
  - React-CoreModules (0.65.0):
    - FBReactNativeSpec (= 0.65.0)
    - RCT-Folly (= 2021.04.26.00)
    - RCTTypeSafety (= 0.65.0)
    - React-Core/CoreModulesHeaders (= 0.65.0)
    - React-jsi (= 0.65.0)
    - React-RCTImage (= 0.65.0)
    - ReactCommon/turbomodule/core (= 0.65.0)
  - React-cxxreact (0.65.0):
    - boost-for-react-native (= 1.63.0)
    - DoubleConversion
    - glog
    - RCT-Folly (= 2021.04.26.00)
    - React-callinvoker (= 0.65.0)
    - React-jsi (= 0.65.0)
    - React-jsinspector (= 0.65.0)
    - React-perflogger (= 0.65.0)
    - React-runtimeexecutor (= 0.65.0)
  - React-jsi (0.65.0):
    - boost-for-react-native (= 1.63.0)
    - DoubleConversion
    - glog
    - RCT-Folly (= 2021.04.26.00)
    - React-jsi/Default (= 0.65.0)
  - React-jsi/Default (0.65.0):
    - boost-for-react-native (= 1.63.0)
    - DoubleConversion
    - glog
    - RCT-Folly (= 2021.04.26.00)
  - React-jsiexecutor (0.65.0):
    - DoubleConversion
    - glog
    - RCT-Folly (= 2021.04.26.00)
    - React-cxxreact (= 0.65.0)
    - React-jsi (= 0.65.0)
    - React-perflogger (= 0.65.0)
  - React-jsinspector (0.65.0)
  - react-native-safe-area-context (3.4.1):
    - React-Core
  - React-perflogger (0.65.0)
  - React-RCTActionSheet (0.65.0):
    - React-Core/RCTActionSheetHeaders (= 0.65.0)
  - React-RCTAnimation (0.65.0):
    - FBReactNativeSpec (= 0.65.0)
    - RCT-Folly (= 2021.04.26.00)
    - RCTTypeSafety (= 0.65.0)
    - React-Core/RCTAnimationHeaders (= 0.65.0)
    - React-jsi (= 0.65.0)
    - ReactCommon/turbomodule/core (= 0.65.0)
  - React-RCTBlob (0.65.0):
    - FBReactNativeSpec (= 0.65.0)
    - RCT-Folly (= 2021.04.26.00)
    - React-Core/RCTBlobHeaders (= 0.65.0)
    - React-Core/RCTWebSocket (= 0.65.0)
    - React-jsi (= 0.65.0)
    - React-RCTNetwork (= 0.65.0)
    - ReactCommon/turbomodule/core (= 0.65.0)
  - React-RCTImage (0.65.0):
    - FBReactNativeSpec (= 0.65.0)
    - RCT-Folly (= 2021.04.26.00)
    - RCTTypeSafety (= 0.65.0)
    - React-Core/RCTImageHeaders (= 0.65.0)
    - React-jsi (= 0.65.0)
    - React-RCTNetwork (= 0.65.0)
    - ReactCommon/turbomodule/core (= 0.65.0)
  - React-RCTLinking (0.65.0):
    - FBReactNativeSpec (= 0.65.0)
    - React-Core/RCTLinkingHeaders (= 0.65.0)
    - React-jsi (= 0.65.0)
    - ReactCommon/turbomodule/core (= 0.65.0)
  - React-RCTNetwork (0.65.0):
    - FBReactNativeSpec (= 0.65.0)
    - RCT-Folly (= 2021.04.26.00)
    - RCTTypeSafety (= 0.65.0)
    - React-Core/RCTNetworkHeaders (= 0.65.0)
    - React-jsi (= 0.65.0)
    - ReactCommon/turbomodule/core (= 0.65.0)
  - React-RCTSettings (0.65.0):
    - FBReactNativeSpec (= 0.65.0)
    - RCT-Folly (= 2021.04.26.00)
    - RCTTypeSafety (= 0.65.0)
    - React-Core/RCTSettingsHeaders (= 0.65.0)
    - React-jsi (= 0.65.0)
    - ReactCommon/turbomodule/core (= 0.65.0)
  - React-RCTText (0.65.0):
    - React-Core/RCTTextHeaders (= 0.65.0)
  - React-RCTVibration (0.65.0):
    - FBReactNativeSpec (= 0.65.0)
    - RCT-Folly (= 2021.04.26.00)
    - React-Core/RCTVibrationHeaders (= 0.65.0)
    - React-jsi (= 0.65.0)
    - ReactCommon/turbomodule/core (= 0.65.0)
  - React-runtimeexecutor (0.65.0):
    - React-jsi (= 0.65.0)
  - ReactCommon/turbomodule/core (0.65.0):
    - DoubleConversion
    - glog
    - RCT-Folly (= 2021.04.26.00)
    - React-callinvoker (= 0.65.0)
    - React-Core (= 0.65.0)
    - React-cxxreact (= 0.65.0)
    - React-jsi (= 0.65.0)
    - React-perflogger (= 0.65.0)
  - rive-react-native (3.0.41):
    - React-Core
    - RiveRuntime (= 3.1.1)
  - RiveRuntime (3.1.1)
  - RNCMaskedView (0.2.8):
    - React-Core
  - RNCPicker (1.16.8):
    - React-Core
  - RNGestureHandler (1.10.3):
    - React-Core
  - RNReanimated (2.13.0):
    - DoubleConversion
    - FBLazyVector
    - FBReactNativeSpec
    - glog
    - RCT-Folly
    - RCTRequired
    - RCTTypeSafety
    - React-callinvoker
    - React-Core
    - React-Core/DevSupport
    - React-Core/RCTWebSocket
    - React-CoreModules
    - React-cxxreact
    - React-jsi
    - React-jsiexecutor
    - React-jsinspector
    - React-RCTActionSheet
    - React-RCTAnimation
    - React-RCTBlob
    - React-RCTImage
    - React-RCTLinking
    - React-RCTNetwork
    - React-RCTSettings
    - React-RCTText
    - ReactCommon/turbomodule/core
    - Yoga
  - RNScreens (3.18.2):
    - React-Core
    - React-RCTImage
  - RNVectorIcons (8.1.0):
    - React-Core
  - Yoga (1.14.0)
  - YogaKit (1.18.1):
    - Yoga (~> 1.14)

DEPENDENCIES:
  - DoubleConversion (from `../node_modules/react-native/third-party-podspecs/DoubleConversion.podspec`)
  - FBLazyVector (from `../node_modules/react-native/Libraries/FBLazyVector`)
  - FBReactNativeSpec (from `../node_modules/react-native/React/FBReactNativeSpec`)
  - Flipper (= 0.87.0)
  - Flipper-Boost-iOSX (= 1.76.0.1.11)
  - Flipper-DoubleConversion (= 3.1.7)
  - Flipper-Fmt (= 7.1.7)
  - Flipper-Folly (= 2.5.3)
  - Flipper-Glog (= 0.3.6)
  - Flipper-PeerTalk (= 0.0.4)
  - Flipper-RSocket (= 1.3.1)
  - FlipperKit (= 0.87.0)
  - FlipperKit/Core (= 0.87.0)
  - FlipperKit/CppBridge (= 0.87.0)
  - FlipperKit/FBCxxFollyDynamicConvert (= 0.87.0)
  - FlipperKit/FBDefines (= 0.87.0)
  - FlipperKit/FKPortForwarding (= 0.87.0)
  - FlipperKit/FlipperKitHighlightOverlay (= 0.87.0)
  - FlipperKit/FlipperKitLayoutPlugin (= 0.87.0)
  - FlipperKit/FlipperKitLayoutTextSearchable (= 0.87.0)
  - FlipperKit/FlipperKitNetworkPlugin (= 0.87.0)
  - FlipperKit/FlipperKitReactPlugin (= 0.87.0)
  - FlipperKit/FlipperKitUserDefaultsPlugin (= 0.87.0)
  - FlipperKit/SKIOSNetworkPlugin (= 0.87.0)
  - glog (from `../node_modules/react-native/third-party-podspecs/glog.podspec`)
  - RCT-Folly (from `../node_modules/react-native/third-party-podspecs/RCT-Folly.podspec`)
  - RCTRequired (from `../node_modules/react-native/Libraries/RCTRequired`)
  - RCTTypeSafety (from `../node_modules/react-native/Libraries/TypeSafety`)
  - React (from `../node_modules/react-native/`)
  - React-callinvoker (from `../node_modules/react-native/ReactCommon/callinvoker`)
  - React-Core (from `../node_modules/react-native/`)
  - React-Core/DevSupport (from `../node_modules/react-native/`)
  - React-Core/RCTWebSocket (from `../node_modules/react-native/`)
  - React-CoreModules (from `../node_modules/react-native/React/CoreModules`)
  - React-cxxreact (from `../node_modules/react-native/ReactCommon/cxxreact`)
  - React-jsi (from `../node_modules/react-native/ReactCommon/jsi`)
  - React-jsiexecutor (from `../node_modules/react-native/ReactCommon/jsiexecutor`)
  - React-jsinspector (from `../node_modules/react-native/ReactCommon/jsinspector`)
  - react-native-safe-area-context (from `../node_modules/react-native-safe-area-context`)
  - React-perflogger (from `../node_modules/react-native/ReactCommon/reactperflogger`)
  - React-RCTActionSheet (from `../node_modules/react-native/Libraries/ActionSheetIOS`)
  - React-RCTAnimation (from `../node_modules/react-native/Libraries/NativeAnimation`)
  - React-RCTBlob (from `../node_modules/react-native/Libraries/Blob`)
  - React-RCTImage (from `../node_modules/react-native/Libraries/Image`)
  - React-RCTLinking (from `../node_modules/react-native/Libraries/LinkingIOS`)
  - React-RCTNetwork (from `../node_modules/react-native/Libraries/Network`)
  - React-RCTSettings (from `../node_modules/react-native/Libraries/Settings`)
  - React-RCTText (from `../node_modules/react-native/Libraries/Text`)
  - React-RCTVibration (from `../node_modules/react-native/Libraries/Vibration`)
  - React-runtimeexecutor (from `../node_modules/react-native/ReactCommon/runtimeexecutor`)
  - ReactCommon/turbomodule/core (from `../node_modules/react-native/ReactCommon`)
  - rive-react-native (from `../..`)
  - "RNCMaskedView (from `../node_modules/@react-native-masked-view/masked-view`)"
  - "RNCPicker (from `../node_modules/@react-native-picker/picker`)"
  - RNGestureHandler (from `../node_modules/react-native-gesture-handler`)
  - RNReanimated (from `../node_modules/react-native-reanimated`)
  - RNScreens (from `../node_modules/react-native-screens`)
  - RNVectorIcons (from `../node_modules/react-native-vector-icons`)
  - Yoga (from `../node_modules/react-native/ReactCommon/yoga`)

SPEC REPOS:
  trunk:
    - boost-for-react-native
    - CocoaAsyncSocket
    - Flipper
    - Flipper-Boost-iOSX
    - Flipper-DoubleConversion
    - Flipper-Fmt
    - Flipper-Folly
    - Flipper-Glog
    - Flipper-PeerTalk
    - Flipper-RSocket
    - FlipperKit
    - fmt
    - libevent
    - OpenSSL-Universal
    - RiveRuntime
    - YogaKit

EXTERNAL SOURCES:
  DoubleConversion:
    :podspec: "../node_modules/react-native/third-party-podspecs/DoubleConversion.podspec"
  FBLazyVector:
    :path: "../node_modules/react-native/Libraries/FBLazyVector"
  FBReactNativeSpec:
    :path: "../node_modules/react-native/React/FBReactNativeSpec"
  glog:
    :podspec: "../node_modules/react-native/third-party-podspecs/glog.podspec"
  RCT-Folly:
    :podspec: "../node_modules/react-native/third-party-podspecs/RCT-Folly.podspec"
  RCTRequired:
    :path: "../node_modules/react-native/Libraries/RCTRequired"
  RCTTypeSafety:
    :path: "../node_modules/react-native/Libraries/TypeSafety"
  React:
    :path: "../node_modules/react-native/"
  React-callinvoker:
    :path: "../node_modules/react-native/ReactCommon/callinvoker"
  React-Core:
    :path: "../node_modules/react-native/"
  React-CoreModules:
    :path: "../node_modules/react-native/React/CoreModules"
  React-cxxreact:
    :path: "../node_modules/react-native/ReactCommon/cxxreact"
  React-jsi:
    :path: "../node_modules/react-native/ReactCommon/jsi"
  React-jsiexecutor:
    :path: "../node_modules/react-native/ReactCommon/jsiexecutor"
  React-jsinspector:
    :path: "../node_modules/react-native/ReactCommon/jsinspector"
  react-native-safe-area-context:
    :path: "../node_modules/react-native-safe-area-context"
  React-perflogger:
    :path: "../node_modules/react-native/ReactCommon/reactperflogger"
  React-RCTActionSheet:
    :path: "../node_modules/react-native/Libraries/ActionSheetIOS"
  React-RCTAnimation:
    :path: "../node_modules/react-native/Libraries/NativeAnimation"
  React-RCTBlob:
    :path: "../node_modules/react-native/Libraries/Blob"
  React-RCTImage:
    :path: "../node_modules/react-native/Libraries/Image"
  React-RCTLinking:
    :path: "../node_modules/react-native/Libraries/LinkingIOS"
  React-RCTNetwork:
    :path: "../node_modules/react-native/Libraries/Network"
  React-RCTSettings:
    :path: "../node_modules/react-native/Libraries/Settings"
  React-RCTText:
    :path: "../node_modules/react-native/Libraries/Text"
  React-RCTVibration:
    :path: "../node_modules/react-native/Libraries/Vibration"
  React-runtimeexecutor:
    :path: "../node_modules/react-native/ReactCommon/runtimeexecutor"
  ReactCommon:
    :path: "../node_modules/react-native/ReactCommon"
  rive-react-native:
    :path: "../.."
  RNCMaskedView:
    :path: "../node_modules/@react-native-masked-view/masked-view"
  RNCPicker:
    :path: "../node_modules/@react-native-picker/picker"
  RNGestureHandler:
    :path: "../node_modules/react-native-gesture-handler"
  RNReanimated:
    :path: "../node_modules/react-native-reanimated"
  RNScreens:
    :path: "../node_modules/react-native-screens"
  RNVectorIcons:
    :path: "../node_modules/react-native-vector-icons"
  Yoga:
    :path: "../node_modules/react-native/ReactCommon/yoga"

SPEC CHECKSUMS:
  boost-for-react-native: 39c7adb57c4e60d6c5479dd8623128eb5b3f0f2c
  CocoaAsyncSocket: 065fd1e645c7abab64f7a6a2007a48038fdc6a99
  DoubleConversion: 831926d9b8bf8166fd87886c4abab286c2422662
  FBLazyVector: 55f5afbbb8f5021a000c3d9289820d17cbc541b3
  FBReactNativeSpec: c2d85d69490fc5666bc4123dff3b9b72db06a987
  Flipper: 1bd2db48dcc31e4b167b9a33ec1df01c2ded4893
  Flipper-Boost-iOSX: fd1e2b8cbef7e662a122412d7ac5f5bea715403c
  Flipper-DoubleConversion: 57ffbe81ef95306cc9e69c4aa3aeeeeb58a6a28c
  Flipper-Fmt: 60cbdd92fc254826e61d669a5d87ef7015396a9b
  Flipper-Folly: 755929a4f851b2fb2c347d533a23f191b008554c
  Flipper-Glog: 1dfd6abf1e922806c52ceb8701a3599a79a200a6
  Flipper-PeerTalk: 116d8f857dc6ef55c7a5a75ea3ceaafe878aadc9
  Flipper-RSocket: 127954abe8b162fcaf68d2134d34dc2bd7076154
  FlipperKit: 651f50a42eb95c01b3e89a60996dd6aded529eeb
  fmt: ff9d55029c625d3757ed641535fd4a75fedc7ce9
  glog: 5337263514dd6f09803962437687240c5dc39aa4
  libevent: 4049cae6c81cdb3654a443be001fb9bdceff7913
  OpenSSL-Universal: 1aa4f6a6ee7256b83db99ec1ccdaa80d10f9af9b
  RCT-Folly: 0dd9e1eb86348ecab5ba76f910b56f4b5fef3c46
  RCTRequired: 564b40c9e3d5f4d766333577782408770a61dae9
  RCTTypeSafety: d5c4035b39ffc8b86c56577457888ea70044cdc6
  React: 743892a7daf1f5d3e1eaa6f0a31dd39d0302dc70
  React-callinvoker: 25fe3c8d05d5b7deaaf0cedde4f683002da3b731
  React-Core: f1bcd788883f37752437e9568ad9b0f257cb7f10
  React-CoreModules: bd62bfb939055c37195cada907c9e6df3ddbe52a
  React-cxxreact: 6d8ac3b0f853f0d5e5de80f5784ddc144a9da23f
  React-jsi: 875bcbe2037c9cae07fbda7dd5827fbca06cbdc6
  React-jsiexecutor: 11ec08ad247abb44113ccb3d2b66f7e856d1cdf4
  React-jsinspector: 2aa5dc1b9a02a81c0dcc70c00f2cbe1cd4b875c4
  react-native-safe-area-context: 9e40fb181dac02619414ba1294d6c2a807056ab9
  React-perflogger: 494c61caaf9b7da0a0a612fa4ed570ab7ab5819b
  React-RCTActionSheet: 0ea18583618e2451889be1ce1f658ae8cb436b2e
  React-RCTAnimation: 487a44abe7f082afa2997add929765b9c81d4abc
  React-RCTBlob: 8c9a87d13fd9c0f5d25fb016c1f951f705a1aabe
  React-RCTImage: 3c1ac8efb48dd024348827532207fd18f27b4608
  React-RCTLinking: 7114aff83c2e580706c98fe9c7e520c0d72145ea
  React-RCTNetwork: 8e9177062891464e6f088c0c049afae9da997aad
  React-RCTSettings: 72a6b5009677ea953b1a8064a9aed260dc920d31
  React-RCTText: ed7b3a058180d5d8fff193478158b5e6bb680c3a
  React-RCTVibration: ca17687ea259e8b6bbd4ad74f1f6ec87bff845d8
  React-runtimeexecutor: a9a1ac6a60389c3c588fd9b9158a30ed4d8d28a4
  ReactCommon: c11b11a5dc8187826144b7b3d72125c77a1b7b1a
  rive-react-native: 8a4520071bcb9524e6d34e72f2ced625b38ef3d9
  RiveRuntime: 56ae13da59d482d3a2dd78981087c7f3c7a2215d
  RNCMaskedView: bc0170f389056201c82a55e242e5d90070e18e5a
  RNCPicker: 0991c56da7815c0cf946d6f63cf920b25296e5f6
  RNGestureHandler: a479ebd5ed4221a810967000735517df0d2db211
  RNReanimated: 7c664a74689972eff8e726535824233596f5f158
  RNScreens: 34cc502acf1b916c582c60003dc3089fa01dc66d
  RNVectorIcons: 31cebfcf94e8cf8686eb5303ae0357da64d7a5a4
  Yoga: 1561f557b0c2b6047a91f7619f666134e2288916
  YogaKit: f782866e155069a2cca2517aafea43200b01fd5a

PODFILE CHECKSUM: ffca5ebcfa1ead72871bfd5c0adf18ed1df71ff3

COCOAPODS: 1.11.2
