// !$*UTF8*$!
{
	archiveVersion = 1;
	classes = {
	};
	objectVersion = 54;
	objects = {

/* Begin PBXBuildFile section */
		13B07FBC1A68108700A75B9A /* AppDelegate.mm in Sources */ = {isa = PBXBuildFile; fileRef = 13B07FB01A68108700A75B9A /* AppDelegate.mm */; };
		13B07FBF1A68108700A75B9A /* Images.xcassets in Resources */ = {isa = PBXBuildFile; fileRef = 13B07FB51A68108700A75B9A /* Images.xcassets */; };
		13B07FC11A68108700A75B9A /* main.m in Sources */ = {isa = PBXBuildFile; fileRef = 13B07FB71A68108700A75B9A /* main.m */; };
		3E461D99554A48A4959DE609 /* SplashScreen.storyboard in Resources */ = {isa = PBXBuildFile; fileRef = AA286B85B6C04FC6940260E9 /* SplashScreen.storyboard */; };
		859D0F7122DA19468290F653 /* PrivacyInfo.xcprivacy in Resources */ = {isa = PBXBuildFile; fileRef = 702D638E9F63330ACD4580BB /* PrivacyInfo.xcprivacy */; };
		96905EF65AED1B983A6B3ABC /* libPods-example.a in Frameworks */ = {isa = PBXBuildFile; fileRef = 58EEBF8E8E6FB1BC6CAF49B5 /* libPods-example.a */; };
		976170889B6E4764B81A902D /* noop-file.swift in Sources */ = {isa = PBXBuildFile; fileRef = 86649AEE1DE64539BFD4F50D /* noop-file.swift */; };
		9E3262F82D6EA9D3002A1CFA /* ui_swipe_left_to_delete.riv in Resources */ = {isa = PBXBuildFile; fileRef = 9E3262E02D6EA9D3002A1CFA /* ui_swipe_left_to_delete.riv */; };
		9E3262FA2D6EA9D3002A1CFA /* artboard_animations.riv in Resources */ = {isa = PBXBuildFile; fileRef = 9E3262E22D6EA9D3002A1CFA /* artboard_animations.riv */; };
		9E3262FB2D6EA9D3002A1CFA /* constrained.riv in Resources */ = {isa = PBXBuildFile; fileRef = 9E3262E32D6EA9D3002A1CFA /* constrained.riv */; };
		9E3262FC2D6EA9D3002A1CFA /* nested_menu.riv in Resources */ = {isa = PBXBuildFile; fileRef = 9E3262E42D6EA9D3002A1CFA /* nested_menu.riv */; };
		9E3262FD2D6EA9D3002A1CFA /* referenced_audio-2929340.wav in Resources */ = {isa = PBXBuildFile; fileRef = 9E3262E52D6EA9D3002A1CFA /* referenced_audio-2929340.wav */; };
		9E3262FE2D6EA9D3002A1CFA /* switch.riv in Resources */ = {isa = PBXBuildFile; fileRef = 9E3262E62D6EA9D3002A1CFA /* switch.riv */; };
		9E3262FF2D6EA9D3002A1CFA /* out_of_band.riv in Resources */ = {isa = PBXBuildFile; fileRef = 9E3262E72D6EA9D3002A1CFA /* out_of_band.riv */; };
		9E3263002D6EA9D3002A1CFA /* rainy.riv in Resources */ = {isa = PBXBuildFile; fileRef = 9E3262E82D6EA9D3002A1CFA /* rainy.riv */; };
		9E3263012D6EA9D3002A1CFA /* truck_v7.riv in Resources */ = {isa = PBXBuildFile; fileRef = 9E3262E92D6EA9D3002A1CFA /* truck_v7.riv */; };
		9E3263022D6EA9D3002A1CFA /* layout_test.riv in Resources */ = {isa = PBXBuildFile; fileRef = 9E3262EA2D6EA9D3002A1CFA /* layout_test.riv */; };
		9E3263032D6EA9D3002A1CFA /* bird.riv in Resources */ = {isa = PBXBuildFile; fileRef = 9E3262EB2D6EA9D3002A1CFA /* bird.riv */; };
		9E3263042D6EA9D3002A1CFA /* two_bone_ik.riv in Resources */ = {isa = PBXBuildFile; fileRef = 9E3262EC2D6EA9D3002A1CFA /* two_bone_ik.riv */; };
		9E3263052D6EA9D3002A1CFA /* FollowPathCar.riv in Resources */ = {isa = PBXBuildFile; fileRef = 9E3262ED2D6EA9D3002A1CFA /* FollowPathCar.riv */; };
		9E3263062D6EA9D3002A1CFA /* referenced-image-2929282.png in Resources */ = {isa = PBXBuildFile; fileRef = 9E3262EE2D6EA9D3002A1CFA /* referenced-image-2929282.png */; };
		9E3263072D6EA9D3002A1CFA /* v6_file.riv in Resources */ = {isa = PBXBuildFile; fileRef = 9E3262EF2D6EA9D3002A1CFA /* v6_file.riv */; };
		9E3263082D6EA9D3002A1CFA /* rating.riv in Resources */ = {isa = PBXBuildFile; fileRef = 9E3262F02D6EA9D3002A1CFA /* rating.riv */; };
		9E32630A2D6EA9D3002A1CFA /* Inter-594377.ttf in Resources */ = {isa = PBXBuildFile; fileRef = 9E3262F22D6EA9D3002A1CFA /* Inter-594377.ttf */; };
		9E32630B2D6EA9D3002A1CFA /* avatars.riv in Resources */ = {isa = PBXBuildFile; fileRef = 9E3262F32D6EA9D3002A1CFA /* avatars.riv */; };
		9E32630C2D6EA9D3002A1CFA /* hero_editor.riv in Resources */ = {isa = PBXBuildFile; fileRef = 9E3262F42D6EA9D3002A1CFA /* hero_editor.riv */; };
		9E32630D2D6EA9D3002A1CFA /* hello_world_nested.riv in Resources */ = {isa = PBXBuildFile; fileRef = 9E3262F52D6EA9D3002A1CFA /* hello_world_nested.riv */; };
		9E32630E2D6EA9D3002A1CFA /* hello_world_text.riv in Resources */ = {isa = PBXBuildFile; fileRef = 9E3262F62D6EA9D3002A1CFA /* hello_world_text.riv */; };
		9E32630F2D6EA9D3002A1CFA /* skills_listener.riv in Resources */ = {isa = PBXBuildFile; fileRef = 9E3262F72D6EA9D3002A1CFA /* skills_listener.riv */; };
		9EA5BDEA2E835D7F003D242D /* quick_start.riv in Resources */ = {isa = PBXBuildFile; fileRef = 9EA5BDE92E835D7F003D242D /* quick_start.riv */; };
		9EEC77CB2D7B866D006D35DC /* nested_inputs.riv in Resources */ = {isa = PBXBuildFile; fileRef = 9EEC77CA2D7B866D006D35DC /* nested_inputs.riv */; };
		B18059E884C0ABDD17F3DC3D /* ExpoModulesProvider.swift in Sources */ = {isa = PBXBuildFile; fileRef = FAC715A2D49A985799AEE119 /* ExpoModulesProvider.swift */; };
		BB2F792D24A3F905000567C9 /* Expo.plist in Resources */ = {isa = PBXBuildFile; fileRef = BB2F792C24A3F905000567C9 /* Expo.plist */; };
		F83E26CE2DBBE0860086A423 /* rewards.riv in Resources */ = {isa = PBXBuildFile; fileRef = F83E26CD2DBBE0860086A423 /* rewards.riv */; };
/* End PBXBuildFile section */

/* Begin PBXFileReference section */
		13B07F961A680F5B00A75B9A /* example.app */ = {isa = PBXFileReference; explicitFileType = wrapper.application; includeInIndex = 0; path = example.app; sourceTree = BUILT_PRODUCTS_DIR; };
		13B07FAF1A68108700A75B9A /* AppDelegate.h */ = {isa = PBXFileReference; fileEncoding = 4; lastKnownFileType = sourcecode.c.h; name = AppDelegate.h; path = example/AppDelegate.h; sourceTree = "<group>"; };
		13B07FB01A68108700A75B9A /* AppDelegate.mm */ = {isa = PBXFileReference; fileEncoding = 4; lastKnownFileType = sourcecode.cpp.objcpp; name = AppDelegate.mm; path = example/AppDelegate.mm; sourceTree = "<group>"; };
		13B07FB51A68108700A75B9A /* Images.xcassets */ = {isa = PBXFileReference; lastKnownFileType = folder.assetcatalog; name = Images.xcassets; path = example/Images.xcassets; sourceTree = "<group>"; };
		13B07FB61A68108700A75B9A /* Info.plist */ = {isa = PBXFileReference; fileEncoding = 4; lastKnownFileType = text.plist.xml; name = Info.plist; path = example/Info.plist; sourceTree = "<group>"; };
		13B07FB71A68108700A75B9A /* main.m */ = {isa = PBXFileReference; fileEncoding = 4; lastKnownFileType = sourcecode.c.objc; name = main.m; path = example/main.m; sourceTree = "<group>"; };
		58EEBF8E8E6FB1BC6CAF49B5 /* libPods-example.a */ = {isa = PBXFileReference; explicitFileType = archive.ar; includeInIndex = 0; path = "libPods-example.a"; sourceTree = BUILT_PRODUCTS_DIR; };
		6C2E3173556A471DD304B334 /* Pods-example.debug.xcconfig */ = {isa = PBXFileReference; includeInIndex = 1; lastKnownFileType = text.xcconfig; name = "Pods-example.debug.xcconfig"; path = "Target Support Files/Pods-example/Pods-example.debug.xcconfig"; sourceTree = "<group>"; };
		702D638E9F63330ACD4580BB /* PrivacyInfo.xcprivacy */ = {isa = PBXFileReference; includeInIndex = 1; lastKnownFileType = text.xml; name = PrivacyInfo.xcprivacy; path = example/PrivacyInfo.xcprivacy; sourceTree = "<group>"; };
		7A4D352CD337FB3A3BF06240 /* Pods-example.release.xcconfig */ = {isa = PBXFileReference; includeInIndex = 1; lastKnownFileType = text.xcconfig; name = "Pods-example.release.xcconfig"; path = "Target Support Files/Pods-example/Pods-example.release.xcconfig"; sourceTree = "<group>"; };
		86649AEE1DE64539BFD4F50D /* noop-file.swift */ = {isa = PBXFileReference; explicitFileType = undefined; fileEncoding = 4; includeInIndex = 0; lastKnownFileType = sourcecode.swift; name = "noop-file.swift"; path = "example/noop-file.swift"; sourceTree = "<group>"; };
		9E3262E02D6EA9D3002A1CFA /* ui_swipe_left_to_delete.riv */ = {isa = PBXFileReference; lastKnownFileType = file; name = ui_swipe_left_to_delete.riv; path = Assets/ui_swipe_left_to_delete.riv; sourceTree = "<group>"; };
		9E3262E22D6EA9D3002A1CFA /* artboard_animations.riv */ = {isa = PBXFileReference; lastKnownFileType = file; name = artboard_animations.riv; path = Assets/artboard_animations.riv; sourceTree = "<group>"; };
		9E3262E32D6EA9D3002A1CFA /* constrained.riv */ = {isa = PBXFileReference; lastKnownFileType = file; name = constrained.riv; path = Assets/constrained.riv; sourceTree = "<group>"; };
		9E3262E42D6EA9D3002A1CFA /* nested_menu.riv */ = {isa = PBXFileReference; lastKnownFileType = file; name = nested_menu.riv; path = Assets/nested_menu.riv; sourceTree = "<group>"; };
		9E3262E52D6EA9D3002A1CFA /* referenced_audio-2929340.wav */ = {isa = PBXFileReference; lastKnownFileType = audio.wav; name = "referenced_audio-2929340.wav"; path = "Assets/referenced_audio-2929340.wav"; sourceTree = "<group>"; };
		9E3262E62D6EA9D3002A1CFA /* switch.riv */ = {isa = PBXFileReference; lastKnownFileType = file; name = switch.riv; path = Assets/switch.riv; sourceTree = "<group>"; };
		9E3262E72D6EA9D3002A1CFA /* out_of_band.riv */ = {isa = PBXFileReference; lastKnownFileType = file; name = out_of_band.riv; path = Assets/out_of_band.riv; sourceTree = "<group>"; };
		9E3262E82D6EA9D3002A1CFA /* rainy.riv */ = {isa = PBXFileReference; lastKnownFileType = file; name = rainy.riv; path = Assets/rainy.riv; sourceTree = "<group>"; };
		9E3262E92D6EA9D3002A1CFA /* truck_v7.riv */ = {isa = PBXFileReference; lastKnownFileType = file; name = truck_v7.riv; path = Assets/truck_v7.riv; sourceTree = "<group>"; };
		9E3262EA2D6EA9D3002A1CFA /* layout_test.riv */ = {isa = PBXFileReference; lastKnownFileType = file; name = layout_test.riv; path = Assets/layout_test.riv; sourceTree = "<group>"; };
		9E3262EB2D6EA9D3002A1CFA /* bird.riv */ = {isa = PBXFileReference; lastKnownFileType = file; name = bird.riv; path = Assets/bird.riv; sourceTree = "<group>"; };
		9E3262EC2D6EA9D3002A1CFA /* two_bone_ik.riv */ = {isa = PBXFileReference; lastKnownFileType = file; name = two_bone_ik.riv; path = Assets/two_bone_ik.riv; sourceTree = "<group>"; };
		9E3262ED2D6EA9D3002A1CFA /* FollowPathCar.riv */ = {isa = PBXFileReference; lastKnownFileType = file; name = FollowPathCar.riv; path = Assets/FollowPathCar.riv; sourceTree = "<group>"; };
		9E3262EE2D6EA9D3002A1CFA /* referenced-image-2929282.png */ = {isa = PBXFileReference; lastKnownFileType = image.png; name = "referenced-image-2929282.png"; path = "Assets/referenced-image-2929282.png"; sourceTree = "<group>"; };
		9E3262EF2D6EA9D3002A1CFA /* v6_file.riv */ = {isa = PBXFileReference; lastKnownFileType = file; name = v6_file.riv; path = Assets/v6_file.riv; sourceTree = "<group>"; };
		9E3262F02D6EA9D3002A1CFA /* rating.riv */ = {isa = PBXFileReference; lastKnownFileType = file; name = rating.riv; path = Assets/rating.riv; sourceTree = "<group>"; };
		9E3262F22D6EA9D3002A1CFA /* Inter-594377.ttf */ = {isa = PBXFileReference; lastKnownFileType = file; name = "Inter-594377.ttf"; path = "Assets/Inter-594377.ttf"; sourceTree = "<group>"; };
		9E3262F32D6EA9D3002A1CFA /* avatars.riv */ = {isa = PBXFileReference; lastKnownFileType = file; name = avatars.riv; path = Assets/avatars.riv; sourceTree = "<group>"; };
		9E3262F42D6EA9D3002A1CFA /* hero_editor.riv */ = {isa = PBXFileReference; lastKnownFileType = file; name = hero_editor.riv; path = Assets/hero_editor.riv; sourceTree = "<group>"; };
		9E3262F52D6EA9D3002A1CFA /* hello_world_nested.riv */ = {isa = PBXFileReference; lastKnownFileType = file; name = hello_world_nested.riv; path = Assets/hello_world_nested.riv; sourceTree = "<group>"; };
		9E3262F62D6EA9D3002A1CFA /* hello_world_text.riv */ = {isa = PBXFileReference; lastKnownFileType = file; name = hello_world_text.riv; path = Assets/hello_world_text.riv; sourceTree = "<group>"; };
		9E3262F72D6EA9D3002A1CFA /* skills_listener.riv */ = {isa = PBXFileReference; lastKnownFileType = file; name = skills_listener.riv; path = Assets/skills_listener.riv; sourceTree = "<group>"; };
		9EA5BDE92E835D7F003D242D /* quick_start.riv */ = {isa = PBXFileReference; lastKnownFileType = file; name = quick_start.riv; path = Assets/quick_start.riv; sourceTree = "<group>"; };
		9EEC77CA2D7B866D006D35DC /* nested_inputs.riv */ = {isa = PBXFileReference; lastKnownFileType = file; name = nested_inputs.riv; path = Assets/nested_inputs.riv; sourceTree = "<group>"; };
		AA286B85B6C04FC6940260E9 /* SplashScreen.storyboard */ = {isa = PBXFileReference; fileEncoding = 4; lastKnownFileType = file.storyboard; name = SplashScreen.storyboard; path = example/SplashScreen.storyboard; sourceTree = "<group>"; };
		BB2F792C24A3F905000567C9 /* Expo.plist */ = {isa = PBXFileReference; fileEncoding = 4; lastKnownFileType = text.plist.xml; path = Expo.plist; sourceTree = "<group>"; };
		CB4E1E19F8C44B9A8E186E61 /* example-Bridging-Header.h */ = {isa = PBXFileReference; explicitFileType = undefined; fileEncoding = 4; includeInIndex = 0; lastKnownFileType = sourcecode.c.h; name = "example-Bridging-Header.h"; path = "example/example-Bridging-Header.h"; sourceTree = "<group>"; };
		ED297162215061F000B7C4FE /* JavaScriptCore.framework */ = {isa = PBXFileReference; lastKnownFileType = wrapper.framework; name = JavaScriptCore.framework; path = System/Library/Frameworks/JavaScriptCore.framework; sourceTree = SDKROOT; };
		F83E26CD2DBBE0860086A423 /* rewards.riv */ = {isa = PBXFileReference; lastKnownFileType = file; path = rewards.riv; sourceTree = "<group>"; };
		FAC715A2D49A985799AEE119 /* ExpoModulesProvider.swift */ = {isa = PBXFileReference; includeInIndex = 1; lastKnownFileType = sourcecode.swift; name = ExpoModulesProvider.swift; path = "Pods/Target Support Files/Pods-example/ExpoModulesProvider.swift"; sourceTree = "<group>"; };
/* End PBXFileReference section */

/* Begin PBXFrameworksBuildPhase section */
		13B07F8C1A680F5B00A75B9A /* Frameworks */ = {
			isa = PBXFrameworksBuildPhase;
			buildActionMask = 2147483647;
			files = (
				96905EF65AED1B983A6B3ABC /* libPods-example.a in Frameworks */,
			);
			runOnlyForDeploymentPostprocessing = 0;
		};
/* End PBXFrameworksBuildPhase section */

/* Begin PBXGroup section */
		13B07FAE1A68108700A75B9A /* example */ = {
			isa = PBXGroup;
			children = (
				BB2F792B24A3F905000567C9 /* Supporting */,
				13B07FAF1A68108700A75B9A /* AppDelegate.h */,
				13B07FB01A68108700A75B9A /* AppDelegate.mm */,
				13B07FB51A68108700A75B9A /* Images.xcassets */,
				13B07FB61A68108700A75B9A /* Info.plist */,
				13B07FB71A68108700A75B9A /* main.m */,
				AA286B85B6C04FC6940260E9 /* SplashScreen.storyboard */,
				86649AEE1DE64539BFD4F50D /* noop-file.swift */,
				CB4E1E19F8C44B9A8E186E61 /* example-Bridging-Header.h */,
				702D638E9F63330ACD4580BB /* PrivacyInfo.xcprivacy */,
			);
			name = example;
			sourceTree = "<group>";
		};
		2D16E6871FA4F8E400B85C8A /* Frameworks */ = {
			isa = PBXGroup;
			children = (
				ED297162215061F000B7C4FE /* JavaScriptCore.framework */,
				58EEBF8E8E6FB1BC6CAF49B5 /* libPods-example.a */,
			);
			name = Frameworks;
			sourceTree = "<group>";
		};
		832341AE1AAA6A7D00B99B32 /* Libraries */ = {
			isa = PBXGroup;
			children = (
			);
			name = Libraries;
			sourceTree = "<group>";
		};
		83CBB9F61A601CBA00E9B192 = {
			isa = PBXGroup;
			children = (
				9EA5BDE92E835D7F003D242D /* quick_start.riv */,
				F83E26CD2DBBE0860086A423 /* rewards.riv */,
				9EEC77CA2D7B866D006D35DC /* nested_inputs.riv */,
				9E3262E22D6EA9D3002A1CFA /* artboard_animations.riv */,
				9E3262F32D6EA9D3002A1CFA /* avatars.riv */,
				9E3262EB2D6EA9D3002A1CFA /* bird.riv */,
				9E3262E32D6EA9D3002A1CFA /* constrained.riv */,
				9E3262ED2D6EA9D3002A1CFA /* FollowPathCar.riv */,
				9E3262F52D6EA9D3002A1CFA /* hello_world_nested.riv */,
				9E3262F62D6EA9D3002A1CFA /* hello_world_text.riv */,
				9E3262F42D6EA9D3002A1CFA /* hero_editor.riv */,
				9E3262F22D6EA9D3002A1CFA /* Inter-594377.ttf */,
				9E3262EA2D6EA9D3002A1CFA /* layout_test.riv */,
				9E3262E42D6EA9D3002A1CFA /* nested_menu.riv */,
				9E3262E72D6EA9D3002A1CFA /* out_of_band.riv */,
				9E3262E82D6EA9D3002A1CFA /* rainy.riv */,
				9E3262F02D6EA9D3002A1CFA /* rating.riv */,
				9E3262E52D6EA9D3002A1CFA /* referenced_audio-2929340.wav */,
				9E3262EE2D6EA9D3002A1CFA /* referenced-image-2929282.png */,
				9E3262F72D6EA9D3002A1CFA /* skills_listener.riv */,
				9E3262E62D6EA9D3002A1CFA /* switch.riv */,
				9E3262E92D6EA9D3002A1CFA /* truck_v7.riv */,
				9E3262EC2D6EA9D3002A1CFA /* two_bone_ik.riv */,
				9E3262E02D6EA9D3002A1CFA /* ui_swipe_left_to_delete.riv */,
				9E3262EF2D6EA9D3002A1CFA /* v6_file.riv */,
				13B07FAE1A68108700A75B9A /* example */,
				832341AE1AAA6A7D00B99B32 /* Libraries */,
				83CBBA001A601CBA00E9B192 /* Products */,
				2D16E6871FA4F8E400B85C8A /* Frameworks */,
				D65327D7A22EEC0BE12398D9 /* Pods */,
				D7E4C46ADA2E9064B798F356 /* ExpoModulesProviders */,
			);
			indentWidth = 2;
			sourceTree = "<group>";
			tabWidth = 2;
			usesTabs = 0;
		};
		83CBBA001A601CBA00E9B192 /* Products */ = {
			isa = PBXGroup;
			children = (
				13B07F961A680F5B00A75B9A /* example.app */,
			);
			name = Products;
			sourceTree = "<group>";
		};
		92DBD88DE9BF7D494EA9DA96 /* example */ = {
			isa = PBXGroup;
			children = (
				FAC715A2D49A985799AEE119 /* ExpoModulesProvider.swift */,
			);
			name = example;
			sourceTree = "<group>";
		};
		BB2F792B24A3F905000567C9 /* Supporting */ = {
			isa = PBXGroup;
			children = (
				BB2F792C24A3F905000567C9 /* Expo.plist */,
			);
			name = Supporting;
			path = example/Supporting;
			sourceTree = "<group>";
		};
		D65327D7A22EEC0BE12398D9 /* Pods */ = {
			isa = PBXGroup;
			children = (
				6C2E3173556A471DD304B334 /* Pods-example.debug.xcconfig */,
				7A4D352CD337FB3A3BF06240 /* Pods-example.release.xcconfig */,
			);
			path = Pods;
			sourceTree = "<group>";
		};
		D7E4C46ADA2E9064B798F356 /* ExpoModulesProviders */ = {
			isa = PBXGroup;
			children = (
				92DBD88DE9BF7D494EA9DA96 /* example */,
			);
			name = ExpoModulesProviders;
			sourceTree = "<group>";
		};
/* End PBXGroup section */

/* Begin PBXNativeTarget section */
		13B07F861A680F5B00A75B9A /* example */ = {
			isa = PBXNativeTarget;
			buildConfigurationList = 13B07F931A680F5B00A75B9A /* Build configuration list for PBXNativeTarget "example" */;
			buildPhases = (
				08A4A3CD28434E44B6B9DE2E /* [CP] Check Pods Manifest.lock */,
				BD027997EA36B14E42837AF8 /* [Expo] Configure project */,
				13B07F871A680F5B00A75B9A /* Sources */,
				13B07F8C1A680F5B00A75B9A /* Frameworks */,
				13B07F8E1A680F5B00A75B9A /* Resources */,
				00DD1BFF1BD5951E006B06BC /* Bundle React Native code and images */,
				800E24972A6A228C8D4807E9 /* [CP] Copy Pods Resources */,
				177B87E1FB5C25A3AE1AA6A9 /* [CP] Embed Pods Frameworks */,
			);
			buildRules = (
			);
			dependencies = (
			);
			name = example;
			productName = example;
			productReference = 13B07F961A680F5B00A75B9A /* example.app */;
			productType = "com.apple.product-type.application";
		};
/* End PBXNativeTarget section */

/* Begin PBXProject section */
		83CBB9F71A601CBA00E9B192 /* Project object */ = {
			isa = PBXProject;
			attributes = {
				LastUpgradeCheck = 1130;
				TargetAttributes = {
					13B07F861A680F5B00A75B9A = {
						LastSwiftMigration = 1250;
					};
				};
			};
			buildConfigurationList = 83CBB9FA1A601CBA00E9B192 /* Build configuration list for PBXProject "example" */;
			compatibilityVersion = "Xcode 3.2";
			developmentRegion = en;
			hasScannedForEncodings = 0;
			knownRegions = (
				en,
				Base,
			);
			mainGroup = 83CBB9F61A601CBA00E9B192;
			productRefGroup = 83CBBA001A601CBA00E9B192 /* Products */;
			projectDirPath = "";
			projectRoot = "";
			targets = (
				13B07F861A680F5B00A75B9A /* example */,
			);
		};
/* End PBXProject section */

/* Begin PBXResourcesBuildPhase section */
		13B07F8E1A680F5B00A75B9A /* Resources */ = {
			isa = PBXResourcesBuildPhase;
			buildActionMask = 2147483647;
			files = (
				9E3262F82D6EA9D3002A1CFA /* ui_swipe_left_to_delete.riv in Resources */,
				9E3262FA2D6EA9D3002A1CFA /* artboard_animations.riv in Resources */,
				9E3262FB2D6EA9D3002A1CFA /* constrained.riv in Resources */,
				9E3262FC2D6EA9D3002A1CFA /* nested_menu.riv in Resources */,
				9E3262FD2D6EA9D3002A1CFA /* referenced_audio-2929340.wav in Resources */,
				9EA5BDEA2E835D7F003D242D /* quick_start.riv in Resources */,
				9E3262FE2D6EA9D3002A1CFA /* switch.riv in Resources */,
				9E3262FF2D6EA9D3002A1CFA /* out_of_band.riv in Resources */,
				9E3263002D6EA9D3002A1CFA /* rainy.riv in Resources */,
				9E3263012D6EA9D3002A1CFA /* truck_v7.riv in Resources */,
				9E3263022D6EA9D3002A1CFA /* layout_test.riv in Resources */,
				F83E26CE2DBBE0860086A423 /* rewards.riv in Resources */,
				9EEC77CB2D7B866D006D35DC /* nested_inputs.riv in Resources */,
				9E3263032D6EA9D3002A1CFA /* bird.riv in Resources */,
				9E3263042D6EA9D3002A1CFA /* two_bone_ik.riv in Resources */,
				9E3263052D6EA9D3002A1CFA /* FollowPathCar.riv in Resources */,
				9E3263062D6EA9D3002A1CFA /* referenced-image-2929282.png in Resources */,
				9E3263072D6EA9D3002A1CFA /* v6_file.riv in Resources */,
				9E3263082D6EA9D3002A1CFA /* rating.riv in Resources */,
				9E32630A2D6EA9D3002A1CFA /* Inter-594377.ttf in Resources */,
				9E32630B2D6EA9D3002A1CFA /* avatars.riv in Resources */,
				9E32630C2D6EA9D3002A1CFA /* hero_editor.riv in Resources */,
				9E32630D2D6EA9D3002A1CFA /* hello_world_nested.riv in Resources */,
				9E32630E2D6EA9D3002A1CFA /* hello_world_text.riv in Resources */,
				9E32630F2D6EA9D3002A1CFA /* skills_listener.riv in Resources */,
				BB2F792D24A3F905000567C9 /* Expo.plist in Resources */,
				13B07FBF1A68108700A75B9A /* Images.xcassets in Resources */,
				3E461D99554A48A4959DE609 /* SplashScreen.storyboard in Resources */,
				859D0F7122DA19468290F653 /* PrivacyInfo.xcprivacy in Resources */,
			);
			runOnlyForDeploymentPostprocessing = 0;
		};
/* End PBXResourcesBuildPhase section */

/* Begin PBXShellScriptBuildPhase section */
		00DD1BFF1BD5951E006B06BC /* Bundle React Native code and images */ = {
			isa = PBXShellScriptBuildPhase;
			alwaysOutOfDate = 1;
			buildActionMask = 2147483647;
			files = (
			);
			inputPaths = (
			);
			name = "Bundle React Native code and images";
			outputPaths = (
			);
			runOnlyForDeploymentPostprocessing = 0;
			shellPath = /bin/sh;
			shellScript = "if [[ -f \"$PODS_ROOT/../.xcode.env\" ]]; then\n  source \"$PODS_ROOT/../.xcode.env\"\nfi\nif [[ -f \"$PODS_ROOT/../.xcode.env.local\" ]]; then\n  source \"$PODS_ROOT/../.xcode.env.local\"\nfi\n\n# The project root by default is one level up from the ios directory\nexport PROJECT_ROOT=\"$PROJECT_DIR\"/..\n\nif [[ \"$CONFIGURATION\" = *Debug* ]]; then\n  export SKIP_BUNDLING=1\nfi\nif [[ -z \"$ENTRY_FILE\" ]]; then\n  # Set the entry JS file using the bundler's entry resolution.\n  export ENTRY_FILE=\"$(\"$NODE_BINARY\" -e \"require('expo/scripts/resolveAppEntry')\" \"$PROJECT_ROOT\" ios absolute | tail -n 1)\"\nfi\n\nif [[ -z \"$CLI_PATH\" ]]; then\n  # Use Expo CLI\n  export CLI_PATH=\"$(\"$NODE_BINARY\" --print \"require.resolve('@expo/cli', { paths: [require.resolve('expo/package.json')] })\")\"\nfi\nif [[ -z \"$BUNDLE_COMMAND\" ]]; then\n  # Default Expo CLI command for bundling\n  export BUNDLE_COMMAND=\"export:embed\"\nfi\n\n# Source .xcode.env.updates if it exists to allow\n# SKIP_BUNDLING to be unset if needed\nif [[ -f \"$PODS_ROOT/../.xcode.env.updates\" ]]; then\n  source \"$PODS_ROOT/../.xcode.env.updates\"\nfi\n# Source local changes to allow overrides\n# if needed\nif [[ -f \"$PODS_ROOT/../.xcode.env.local\" ]]; then\n  source \"$PODS_ROOT/../.xcode.env.local\"\nfi\n\n`\"$NODE_BINARY\" --print \"require('path').dirname(require.resolve('react-native/package.json')) + '/scripts/react-native-xcode.sh'\"`\n\n";
		};
		08A4A3CD28434E44B6B9DE2E /* [CP] Check Pods Manifest.lock */ = {
			isa = PBXShellScriptBuildPhase;
			buildActionMask = 2147483647;
			files = (
			);
			inputFileListPaths = (
			);
			inputPaths = (
				"${PODS_PODFILE_DIR_PATH}/Podfile.lock",
				"${PODS_ROOT}/Manifest.lock",
			);
			name = "[CP] Check Pods Manifest.lock";
			outputFileListPaths = (
			);
			outputPaths = (
				"$(DERIVED_FILE_DIR)/Pods-example-checkManifestLockResult.txt",
			);
			runOnlyForDeploymentPostprocessing = 0;
			shellPath = /bin/sh;
			shellScript = "diff \"${PODS_PODFILE_DIR_PATH}/Podfile.lock\" \"${PODS_ROOT}/Manifest.lock\" > /dev/null\nif [ $? != 0 ] ; then\n    # print error to STDERR\n    echo \"error: The sandbox is not in sync with the Podfile.lock. Run 'pod install' or update your CocoaPods installation.\" >&2\n    exit 1\nfi\n# This output is used by Xcode 'outputs' to avoid re-running this script phase.\necho \"SUCCESS\" > \"${SCRIPT_OUTPUT_FILE_0}\"\n";
			showEnvVarsInLog = 0;
		};
		177B87E1FB5C25A3AE1AA6A9 /* [CP] Embed Pods Frameworks */ = {
			isa = PBXShellScriptBuildPhase;
			buildActionMask = 2147483647;
			files = (
			);
			inputPaths = (
				"${PODS_ROOT}/Target Support Files/Pods-example/Pods-example-frameworks.sh",
				"${PODS_XCFRAMEWORKS_BUILD_DIR}/RiveRuntime/RiveRuntime.framework/RiveRuntime",
				"${PODS_XCFRAMEWORKS_BUILD_DIR}/hermes-engine/Pre-built/hermes.framework/hermes",
			);
			name = "[CP] Embed Pods Frameworks";
			outputPaths = (
				"${TARGET_BUILD_DIR}/${FRAMEWORKS_FOLDER_PATH}/RiveRuntime.framework",
				"${TARGET_BUILD_DIR}/${FRAMEWORKS_FOLDER_PATH}/hermes.framework",
			);
			runOnlyForDeploymentPostprocessing = 0;
			shellPath = /bin/sh;
			shellScript = "\"${PODS_ROOT}/Target Support Files/Pods-example/Pods-example-frameworks.sh\"\n";
			showEnvVarsInLog = 0;
		};
		800E24972A6A228C8D4807E9 /* [CP] Copy Pods Resources */ = {
			isa = PBXShellScriptBuildPhase;
			buildActionMask = 2147483647;
			files = (
			);
			inputPaths = (
				"${PODS_ROOT}/Target Support Files/Pods-example/Pods-example-resources.sh",
				"${PODS_CONFIGURATION_BUILD_DIR}/EXConstants/EXConstants.bundle",
				"${PODS_CONFIGURATION_BUILD_DIR}/EXConstants/ExpoConstants_privacy.bundle",
				"${PODS_CONFIGURATION_BUILD_DIR}/ExpoFileSystem/ExpoFileSystem_privacy.bundle",
				"${PODS_CONFIGURATION_BUILD_DIR}/ExpoSystemUI/ExpoSystemUI_privacy.bundle",
				"${PODS_CONFIGURATION_BUILD_DIR}/RCT-Folly/RCT-Folly_privacy.bundle",
				"${PODS_CONFIGURATION_BUILD_DIR}/React-Core/React-Core_privacy.bundle",
				"${PODS_CONFIGURATION_BUILD_DIR}/React-cxxreact/React-cxxreact_privacy.bundle",
				"${PODS_CONFIGURATION_BUILD_DIR}/RiveRuntime/runtime_ios_privacy.bundle",
				"${PODS_CONFIGURATION_BUILD_DIR}/boost/boost_privacy.bundle",
				"${PODS_CONFIGURATION_BUILD_DIR}/glog/glog_privacy.bundle",
			);
			name = "[CP] Copy Pods Resources";
			outputPaths = (
				"${TARGET_BUILD_DIR}/${UNLOCALIZED_RESOURCES_FOLDER_PATH}/EXConstants.bundle",
				"${TARGET_BUILD_DIR}/${UNLOCALIZED_RESOURCES_FOLDER_PATH}/ExpoConstants_privacy.bundle",
				"${TARGET_BUILD_DIR}/${UNLOCALIZED_RESOURCES_FOLDER_PATH}/ExpoFileSystem_privacy.bundle",
				"${TARGET_BUILD_DIR}/${UNLOCALIZED_RESOURCES_FOLDER_PATH}/ExpoSystemUI_privacy.bundle",
				"${TARGET_BUILD_DIR}/${UNLOCALIZED_RESOURCES_FOLDER_PATH}/RCT-Folly_privacy.bundle",
				"${TARGET_BUILD_DIR}/${UNLOCALIZED_RESOURCES_FOLDER_PATH}/React-Core_privacy.bundle",
				"${TARGET_BUILD_DIR}/${UNLOCALIZED_RESOURCES_FOLDER_PATH}/React-cxxreact_privacy.bundle",
				"${TARGET_BUILD_DIR}/${UNLOCALIZED_RESOURCES_FOLDER_PATH}/runtime_ios_privacy.bundle",
				"${TARGET_BUILD_DIR}/${UNLOCALIZED_RESOURCES_FOLDER_PATH}/boost_privacy.bundle",
				"${TARGET_BUILD_DIR}/${UNLOCALIZED_RESOURCES_FOLDER_PATH}/glog_privacy.bundle",
			);
			runOnlyForDeploymentPostprocessing = 0;
			shellPath = /bin/sh;
			shellScript = "\"${PODS_ROOT}/Target Support Files/Pods-example/Pods-example-resources.sh\"\n";
			showEnvVarsInLog = 0;
		};
		BD027997EA36B14E42837AF8 /* [Expo] Configure project */ = {
			isa = PBXShellScriptBuildPhase;
			alwaysOutOfDate = 1;
			buildActionMask = 2147483647;
			files = (
			);
			inputFileListPaths = (
			);
			inputPaths = (
			);
			name = "[Expo] Configure project";
			outputFileListPaths = (
			);
			outputPaths = (
			);
			runOnlyForDeploymentPostprocessing = 0;
			shellPath = /bin/sh;
			shellScript = "# This script configures Expo modules and generates the modules provider file.\nbash -l -c \"./Pods/Target\\ Support\\ Files/Pods-example/expo-configure-project.sh\"\n";
		};
/* End PBXShellScriptBuildPhase section */

/* Begin PBXSourcesBuildPhase section */
		13B07F871A680F5B00A75B9A /* Sources */ = {
			isa = PBXSourcesBuildPhase;
			buildActionMask = 2147483647;
			files = (
				13B07FBC1A68108700A75B9A /* AppDelegate.mm in Sources */,
				13B07FC11A68108700A75B9A /* main.m in Sources */,
				B18059E884C0ABDD17F3DC3D /* ExpoModulesProvider.swift in Sources */,
				976170889B6E4764B81A902D /* noop-file.swift in Sources */,
			);
			runOnlyForDeploymentPostprocessing = 0;
		};
/* End PBXSourcesBuildPhase section */

/* Begin XCBuildConfiguration section */
		13B07F941A680F5B00A75B9A /* Debug */ = {
			isa = XCBuildConfiguration;
			baseConfigurationReference = 6C2E3173556A471DD304B334 /* Pods-example.debug.xcconfig */;
			buildSettings = {
				ASSETCATALOG_COMPILER_APPICON_NAME = AppIcon;
				CLANG_ENABLE_MODULES = YES;
				CODE_SIGN_ENTITLEMENTS = example/example.entitlements;
				CURRENT_PROJECT_VERSION = 1;
				DEVELOPMENT_TEAM = "";
				ENABLE_BITCODE = NO;
				GCC_PREPROCESSOR_DEFINITIONS = (
					"$(inherited)",
					"FB_SONARKIT_ENABLED=1",
				);
				INFOPLIST_FILE = example/Info.plist;
				IPHONEOS_DEPLOYMENT_TARGET = 15.1;
				LD_RUNPATH_SEARCH_PATHS = (
					"$(inherited)",
					"@executable_path/Frameworks",
				);
				MARKETING_VERSION = 1.0;
				OTHER_LDFLAGS = (
					"$(inherited)",
					"-ObjC",
					"-lc++",
				);
				OTHER_SWIFT_FLAGS = "$(inherited) -D EXPO_CONFIGURATION_DEBUG";
				PRODUCT_BUNDLE_IDENTIFIER = "rive.react-native.example";
				PRODUCT_NAME = example;
				SWIFT_OBJC_BRIDGING_HEADER = "example/example-Bridging-Header.h";
				SWIFT_OPTIMIZATION_LEVEL = "-Onone";
				SWIFT_VERSION = 5.0;
				TARGETED_DEVICE_FAMILY = "1,2";
				VERSIONING_SYSTEM = "apple-generic";
			};
			name = Debug;
		};
		13B07F951A680F5B00A75B9A /* Release */ = {
			isa = XCBuildConfiguration;
			baseConfigurationReference = 7A4D352CD337FB3A3BF06240 /* Pods-example.release.xcconfig */;
			buildSettings = {
				ASSETCATALOG_COMPILER_APPICON_NAME = AppIcon;
				CLANG_ENABLE_MODULES = YES;
				CODE_SIGN_ENTITLEMENTS = example/example.entitlements;
				CURRENT_PROJECT_VERSION = 1;
				DEVELOPMENT_TEAM = "";
				INFOPLIST_FILE = example/Info.plist;
				IPHONEOS_DEPLOYMENT_TARGET = 15.1;
				LD_RUNPATH_SEARCH_PATHS = (
					"$(inherited)",
					"@executable_path/Frameworks",
				);
				MARKETING_VERSION = 1.0;
				OTHER_LDFLAGS = (
					"$(inherited)",
					"-ObjC",
					"-lc++",
				);
				OTHER_SWIFT_FLAGS = "$(inherited) -D EXPO_CONFIGURATION_RELEASE";
				PRODUCT_BUNDLE_IDENTIFIER = "rive.react-native.example";
				PRODUCT_NAME = example;
				SWIFT_OBJC_BRIDGING_HEADER = "example/example-Bridging-Header.h";
				SWIFT_VERSION = 5.0;
				TARGETED_DEVICE_FAMILY = "1,2";
				VERSIONING_SYSTEM = "apple-generic";
			};
			name = Release;
		};
		83CBBA201A601CBA00E9B192 /* Debug */ = {
			isa = XCBuildConfiguration;
			buildSettings = {
				ALWAYS_SEARCH_USER_PATHS = NO;
				CLANG_ANALYZER_LOCALIZABILITY_NONLOCALIZED = YES;
				CLANG_CXX_LANGUAGE_STANDARD = "c++20";
				CLANG_CXX_LIBRARY = "libc++";
				CLANG_ENABLE_MODULES = YES;
				CLANG_ENABLE_OBJC_ARC = YES;
				CLANG_WARN_BLOCK_CAPTURE_AUTORELEASING = YES;
				CLANG_WARN_BOOL_CONVERSION = YES;
				CLANG_WARN_COMMA = YES;
				CLANG_WARN_CONSTANT_CONVERSION = YES;
				CLANG_WARN_DEPRECATED_OBJC_IMPLEMENTATIONS = YES;
				CLANG_WARN_DIRECT_OBJC_ISA_USAGE = YES_ERROR;
				CLANG_WARN_EMPTY_BODY = YES;
				CLANG_WARN_ENUM_CONVERSION = YES;
				CLANG_WARN_INFINITE_RECURSION = YES;
				CLANG_WARN_INT_CONVERSION = YES;
				CLANG_WARN_NON_LITERAL_NULL_CONVERSION = YES;
				CLANG_WARN_OBJC_IMPLICIT_RETAIN_SELF = YES;
				CLANG_WARN_OBJC_LITERAL_CONVERSION = YES;
				CLANG_WARN_OBJC_ROOT_CLASS = YES_ERROR;
				CLANG_WARN_RANGE_LOOP_ANALYSIS = YES;
				CLANG_WARN_STRICT_PROTOTYPES = YES;
				CLANG_WARN_SUSPICIOUS_MOVE = YES;
				CLANG_WARN_UNREACHABLE_CODE = YES;
				CLANG_WARN__DUPLICATE_METHOD_MATCH = YES;
				"CODE_SIGN_IDENTITY[sdk=iphoneos*]" = "iPhone Developer";
				COPY_PHASE_STRIP = NO;
				ENABLE_STRICT_OBJC_MSGSEND = YES;
				ENABLE_TESTABILITY = YES;
				GCC_C_LANGUAGE_STANDARD = gnu99;
				GCC_DYNAMIC_NO_PIC = NO;
				GCC_NO_COMMON_BLOCKS = YES;
				GCC_OPTIMIZATION_LEVEL = 0;
				GCC_PREPROCESSOR_DEFINITIONS = (
					"DEBUG=1",
					"$(inherited)",
				);
				GCC_SYMBOLS_PRIVATE_EXTERN = NO;
				GCC_WARN_64_TO_32_BIT_CONVERSION = YES;
				GCC_WARN_ABOUT_RETURN_TYPE = YES_ERROR;
				GCC_WARN_UNDECLARED_SELECTOR = YES;
				GCC_WARN_UNINITIALIZED_AUTOS = YES_AGGRESSIVE;
				GCC_WARN_UNUSED_FUNCTION = YES;
				GCC_WARN_UNUSED_VARIABLE = YES;
				IPHONEOS_DEPLOYMENT_TARGET = 15.1;
				LD_RUNPATH_SEARCH_PATHS = (
					/usr/lib/swift,
					"$(inherited)",
				);
				LIBRARY_SEARCH_PATHS = "$(SDKROOT)/usr/lib/swift\"$(inherited)\"";
				MTL_ENABLE_DEBUG_INFO = YES;
				ONLY_ACTIVE_ARCH = YES;
				OTHER_LDFLAGS = (
					"$(inherited)",
					" ",
				);
				REACT_NATIVE_PATH = "${PODS_ROOT}/../../node_modules/react-native";
				SDKROOT = iphoneos;
				SWIFT_ACTIVE_COMPILATION_CONDITIONS = "$(inherited) DEBUG";
				USE_HERMES = true;
			};
			name = Debug;
		};
		83CBBA211A601CBA00E9B192 /* Release */ = {
			isa = XCBuildConfiguration;
			buildSettings = {
				ALWAYS_SEARCH_USER_PATHS = NO;
				CLANG_ANALYZER_LOCALIZABILITY_NONLOCALIZED = YES;
				CLANG_CXX_LANGUAGE_STANDARD = "c++20";
				CLANG_CXX_LIBRARY = "libc++";
				CLANG_ENABLE_MODULES = YES;
				CLANG_ENABLE_OBJC_ARC = YES;
				CLANG_WARN_BLOCK_CAPTURE_AUTORELEASING = YES;
				CLANG_WARN_BOOL_CONVERSION = YES;
				CLANG_WARN_COMMA = YES;
				CLANG_WARN_CONSTANT_CONVERSION = YES;
				CLANG_WARN_DEPRECATED_OBJC_IMPLEMENTATIONS = YES;
				CLANG_WARN_DIRECT_OBJC_ISA_USAGE = YES_ERROR;
				CLANG_WARN_EMPTY_BODY = YES;
				CLANG_WARN_ENUM_CONVERSION = YES;
				CLANG_WARN_INFINITE_RECURSION = YES;
				CLANG_WARN_INT_CONVERSION = YES;
				CLANG_WARN_NON_LITERAL_NULL_CONVERSION = YES;
				CLANG_WARN_OBJC_IMPLICIT_RETAIN_SELF = YES;
				CLANG_WARN_OBJC_LITERAL_CONVERSION = YES;
				CLANG_WARN_OBJC_ROOT_CLASS = YES_ERROR;
				CLANG_WARN_RANGE_LOOP_ANALYSIS = YES;
				CLANG_WARN_STRICT_PROTOTYPES = YES;
				CLANG_WARN_SUSPICIOUS_MOVE = YES;
				CLANG_WARN_UNREACHABLE_CODE = YES;
				CLANG_WARN__DUPLICATE_METHOD_MATCH = YES;
				"CODE_SIGN_IDENTITY[sdk=iphoneos*]" = "iPhone Developer";
				COPY_PHASE_STRIP = YES;
				ENABLE_NS_ASSERTIONS = NO;
				ENABLE_STRICT_OBJC_MSGSEND = YES;
				GCC_C_LANGUAGE_STANDARD = gnu99;
				GCC_NO_COMMON_BLOCKS = YES;
				GCC_WARN_64_TO_32_BIT_CONVERSION = YES;
				GCC_WARN_ABOUT_RETURN_TYPE = YES_ERROR;
				GCC_WARN_UNDECLARED_SELECTOR = YES;
				GCC_WARN_UNINITIALIZED_AUTOS = YES_AGGRESSIVE;
				GCC_WARN_UNUSED_FUNCTION = YES;
				GCC_WARN_UNUSED_VARIABLE = YES;
				IPHONEOS_DEPLOYMENT_TARGET = 15.1;
				LD_RUNPATH_SEARCH_PATHS = (
					/usr/lib/swift,
					"$(inherited)",
				);
				LIBRARY_SEARCH_PATHS = "$(SDKROOT)/usr/lib/swift\"$(inherited)\"";
				MTL_ENABLE_DEBUG_INFO = NO;
				OTHER_LDFLAGS = (
					"$(inherited)",
					" ",
				);
				REACT_NATIVE_PATH = "${PODS_ROOT}/../../node_modules/react-native";
				SDKROOT = iphoneos;
				USE_HERMES = true;
				VALIDATE_PRODUCT = YES;
			};
			name = Release;
		};
/* End XCBuildConfiguration section */

/* Begin XCConfigurationList section */
		13B07F931A680F5B00A75B9A /* Build configuration list for PBXNativeTarget "example" */ = {
			isa = XCConfigurationList;
			buildConfigurations = (
				13B07F941A680F5B00A75B9A /* Debug */,
				13B07F951A680F5B00A75B9A /* Release */,
			);
			defaultConfigurationIsVisible = 0;
			defaultConfigurationName = Release;
		};
		83CBB9FA1A601CBA00E9B192 /* Build configuration list for PBXProject "example" */ = {
			isa = XCConfigurationList;
			buildConfigurations = (
				83CBBA201A601CBA00E9B192 /* Debug */,
				83CBBA211A601CBA00E9B192 /* Release */,
			);
			defaultConfigurationIsVisible = 0;
			defaultConfigurationName = Release;
		};
/* End XCConfigurationList section */
	};
	rootObject = 83CBB9F71A601CBA00E9B192 /* Project object */;
}
